
Microsoft Visual Studio Solution File, Format Version 12.00
# Visual Studio Version 17
VisualStudioVersion = 17.1.32319.34
MinimumVisualStudioVersion = 10.0.40219.1
Project("{FAE04EC0-301F-11D3-BF4B-00C04F79EFBC}") = "ders27102022", "ders27102022\ders27102022.csproj", "{6C021654-DB02-42D4-9492-4858CB162913}"
EndProject
Global
	GlobalSection(SolutionConfigurationPlatforms) = preSolution
		Debug|Any CPU = Debug|Any CPU
		Release|Any CPU = Release|Any CPU
	EndGlobalSection
	GlobalSection(ProjectConfigurationPlatforms) = postSolution
		{6C021654-DB02-42D4-9492-4858CB162913}.Debug|Any CPU.ActiveCfg = Debug|Any CPU
		{6C021654-DB02-42D4-9492-4858CB162913}.Debug|Any CPU.Build.0 = Debug|Any CPU
		{6C021654-DB02-42D4-9492-4858CB162913}.Release|Any CPU.ActiveCfg = Release|Any CPU
		{6C021654-DB02-42D4-9492-4858CB162913}.Release|Any CPU.Build.0 = Release|Any CPU
	EndGlobalSection
	GlobalSection(SolutionProperties) = preSolution
		HideSolutionNode = FALSE
	EndGlobalSection
	GlobalSection(ExtensibilityGlobals) = postSolution
		SolutionGuid = {F15C4515-CFDF-4727-9C91-987F1B2F2D17}
	EndGlobalSection
EndGlobal
